
Microsoft Visual Studio Solution File, Format Version 12.00
# Visual Studio 15
VisualStudioVersion = 15.0.27428.2037
MinimumVisualStudioVersion = 10.0.40219.1
Project("{FAE04EC0-301F-11D3-BF4B-00C04F79EFBC}") = "ManagementWebApp", "ManagementWebApp\ManagementWebApp.csproj", "{4FC8394F-0823-47CE-98A4-1E0E91233B56}"
EndProject
Global
	GlobalSection(SolutionConfigurationPlatforms) = preSolution
		Debug|Any CPU = Debug|Any CPU
		Release|Any CPU = Release|Any CPU
	EndGlobalSection
	GlobalSection(ProjectConfigurationPlatforms) = postSolution
		{4FC8394F-0823-47CE-98A4-1E0E91233B56}.Debug|Any CPU.ActiveCfg = Debug|Any CPU
		{4FC8394F-0823-47CE-98A4-1E0E91233B56}.Debug|Any CPU.Build.0 = Debug|Any CPU
		{4FC8394F-0823-47CE-98A4-1E0E91233B56}.Release|Any CPU.ActiveCfg = Release|Any CPU
		{4FC8394F-0823-47CE-98A4-1E0E91233B56}.Release|Any CPU.Build.0 = Release|Any CPU
	EndGlobalSection
	GlobalSection(SolutionProperties) = preSolution
		HideSolutionNode = FALSE
	EndGlobalSection
	GlobalSection(ExtensibilityGlobals) = postSolution
		SolutionGuid = {29C81291-A9CC-4627-90B5-C7C98ABAC8ED}
	EndGlobalSection
EndGlobal
